
Microsoft Visual Studio Solution File, Format Version 12.00
# Visual Studio Version 16
VisualStudioVersion = 16.0.29926.136
MinimumVisualStudioVersion = 10.0.40219.1
Project("{FAE04EC0-301F-11D3-BF4B-00C04F79EFBC}") = "WorldAPISample.UWP", "WorldAPISample\WorldAPISample.UWP\WorldAPISample.UWP.csproj", "{82768BC5-8239-4B86-9FC8-364FD8B491FD}"
EndProject
Project("{FAE04EC0-301F-11D3-BF4B-00C04F79EFBC}") = "WorldAPISample.Android", "WorldAPISample\WorldAPISample.Android\WorldAPISample.Android.csproj", "{74B80173-9D16-4E27-8A43-517EDF4B372A}"
EndProject
Project("{FAE04EC0-301F-11D3-BF4B-00C04F79EFBC}") = "WorldAPISample.iOS", "WorldAPISample\WorldAPISample.iOS\WorldAPISample.iOS.csproj", "{5DC6C625-EA13-4551-AA87-452F239AC569}"
EndProject
Project("{FAE04EC0-301F-11D3-BF4B-00C04F79EFBC}") = "WorldAPISample", "WorldAPISample\WorldAPISample\WorldAPISample.csproj", "{583EFE76-6DA9-4544-95FC-45277C77C5C6}"
EndProject
Global
	GlobalSection(SolutionConfigurationPlatforms) = preSolution
		Debug|Any CPU = Debug|Any CPU
		Debug|ARM = Debug|ARM
		Debug|iPhone = Debug|iPhone
		Debug|iPhoneSimulator = Debug|iPhoneSimulator
		Debug|x64 = Debug|x64
		Debug|x86 = Debug|x86
		Release|Any CPU = Release|Any CPU
		Release|ARM = Release|ARM
		Release|iPhone = Release|iPhone
		Release|iPhoneSimulator = Release|iPhoneSimulator
		Release|x64 = Release|x64
		Release|x86 = Release|x86
	EndGlobalSection
	GlobalSection(ProjectConfigurationPlatforms) = postSolution
		{82768BC5-8239-4B86-9FC8-364FD8B491FD}.Debug|Any CPU.ActiveCfg = Debug|x86
		{82768BC5-8239-4B86-9FC8-364FD8B491FD}.Debug|Any CPU.Build.0 = Debug|x86
		{82768BC5-8239-4B86-9FC8-364FD8B491FD}.Debug|Any CPU.Deploy.0 = Debug|x86
		{82768BC5-8239-4B86-9FC8-364FD8B491FD}.Debug|ARM.ActiveCfg = Debug|ARM
		{82768BC5-8239-4B86-9FC8-364FD8B491FD}.Debug|ARM.Build.0 = Debug|ARM
		{82768BC5-8239-4B86-9FC8-364FD8B491FD}.Debug|ARM.Deploy.0 = Debug|ARM
		{82768BC5-8239-4B86-9FC8-364FD8B491FD}.Debug|iPhone.ActiveCfg = Debug|x86
		{82768BC5-8239-4B86-9FC8-364FD8B491FD}.Debug|iPhone.Build.0 = Debug|x86
		{82768BC5-8239-4B86-9FC8-364FD8B491FD}.Debug|iPhone.Deploy.0 = Debug|x86
		{82768BC5-8239-4B86-9FC8-364FD8B491FD}.Debug|iPhoneSimulator.ActiveCfg = Debug|x86
		{82768BC5-8239-4B86-9FC8-364FD8B491FD}.Debug|iPhoneSimulator.Build.0 = Debug|x86
		{82768BC5-8239-4B86-9FC8-364FD8B491FD}.Debug|iPhoneSimulator.Deploy.0 = Debug|x86
		{82768BC5-8239-4B86-9FC8-364FD8B491FD}.Debug|x64.ActiveCfg = Debug|x64
		{82768BC5-8239-4B86-9FC8-364FD8B491FD}.Debug|x64.Build.0 = Debug|x64
		{82768BC5-8239-4B86-9FC8-364FD8B491FD}.Debug|x64.Deploy.0 = Debug|x64
		{82768BC5-8239-4B86-9FC8-364FD8B491FD}.Debug|x86.ActiveCfg = Debug|x86
		{82768BC5-8239-4B86-9FC8-364FD8B491FD}.Debug|x86.Build.0 = Debug|x86
		{82768BC5-8239-4B86-9FC8-364FD8B491FD}.Debug|x86.Deploy.0 = Debug|x86
		{82768BC5-8239-4B86-9FC8-364FD8B491FD}.Release|Any CPU.ActiveCfg = Release|x86
		{82768BC5-8239-4B86-9FC8-364FD8B491FD}.Release|Any CPU.Build.0 = Release|x86
		{82768BC5-8239-4B86-9FC8-364FD8B491FD}.Release|Any CPU.Deploy.0 = Release|x86
		{82768BC5-8239-4B86-9FC8-364FD8B491FD}.Release|ARM.ActiveCfg = Release|ARM
		{82768BC5-8239-4B86-9FC8-364FD8B491FD}.Release|ARM.Build.0 = Release|ARM
		{82768BC5-8239-4B86-9FC8-364FD8B491FD}.Release|ARM.Deploy.0 = Release|ARM
		{82768BC5-8239-4B86-9FC8-364FD8B491FD}.Release|iPhone.ActiveCfg = Release|x86
		{82768BC5-8239-4B86-9FC8-364FD8B491FD}.Release|iPhone.Build.0 = Release|x86
		{82768BC5-8239-4B86-9FC8-364FD8B491FD}.Release|iPhone.Deploy.0 = Release|x86
		{82768BC5-8239-4B86-9FC8-364FD8B491FD}.Release|iPhoneSimulator.ActiveCfg = Release|x86
		{82768BC5-8239-4B86-9FC8-364FD8B491FD}.Release|iPhoneSimulator.Build.0 = Release|x86
		{82768BC5-8239-4B86-9FC8-364FD8B491FD}.Release|iPhoneSimulator.Deploy.0 = Release|x86
		{82768BC5-8239-4B86-9FC8-364FD8B491FD}.Release|x64.ActiveCfg = Release|x64
		{82768BC5-8239-4B86-9FC8-364FD8B491FD}.Release|x64.Build.0 = Release|x64
		{82768BC5-8239-4B86-9FC8-364FD8B491FD}.Release|x64.Deploy.0 = Release|x64
		{82768BC5-8239-4B86-9FC8-364FD8B491FD}.Release|x86.ActiveCfg = Release|x86
		{82768BC5-8239-4B86-9FC8-364FD8B491FD}.Release|x86.Build.0 = Release|x86
		{82768BC5-8239-4B86-9FC8-364FD8B491FD}.Release|x86.Deploy.0 = Release|x86
		{74B80173-9D16-4E27-8A43-517EDF4B372A}.Debug|Any CPU.ActiveCfg = Debug|Any CPU
		{74B80173-9D16-4E27-8A43-517EDF4B372A}.Debug|Any CPU.Build.0 = Debug|Any CPU
		{74B80173-9D16-4E27-8A43-517EDF4B372A}.Debug|Any CPU.Deploy.0 = Debug|Any CPU
		{74B80173-9D16-4E27-8A43-517EDF4B372A}.Debug|ARM.ActiveCfg = Debug|Any CPU
		{74B80173-9D16-4E27-8A43-517EDF4B372A}.Debug|ARM.Build.0 = Debug|Any CPU
		{74B80173-9D16-4E27-8A43-517EDF4B372A}.Debug|ARM.Deploy.0 = Debug|Any CPU
		{74B80173-9D16-4E27-8A43-517EDF4B372A}.Debug|iPhone.ActiveCfg = Debug|Any CPU
		{74B80173-9D16-4E27-8A43-517EDF4B372A}.Debug|iPhone.Build.0 = Debug|Any CPU
		{74B80173-9D16-4E27-8A43-517EDF4B372A}.Debug|iPhone.Deploy.0 = Debug|Any CPU
		{74B80173-9D16-4E27-8A43-517EDF4B372A}.Debug|iPhoneSimulator.ActiveCfg = Debug|Any CPU
		{74B80173-9D16-4E27-8A43-517EDF4B372A}.Debug|iPhoneSimulator.Build.0 = Debug|Any CPU
		{74B80173-9D16-4E27-8A43-517EDF4B372A}.Debug|iPhoneSimulator.Deploy.0 = Debug|Any CPU
		{74B80173-9D16-4E27-8A43-517EDF4B372A}.Debug|x64.ActiveCfg = Debug|Any CPU
		{74B80173-9D16-4E27-8A43-517EDF4B372A}.Debug|x64.Build.0 = Debug|Any CPU
		{74B80173-9D16-4E27-8A43-517EDF4B372A}.Debug|x64.Deploy.0 = Debug|Any CPU
		{74B80173-9D16-4E27-8A43-517EDF4B372A}.Debug|x86.ActiveCfg = Debug|Any CPU
		{74B80173-9D16-4E27-8A43-517EDF4B372A}.Debug|x86.Build.0 = Debug|Any CPU
		{74B80173-9D16-4E27-8A43-517EDF4B372A}.Debug|x86.Deploy.0 = Debug|Any CPU
		{74B80173-9D16-4E27-8A43-517EDF4B372A}.Release|Any CPU.ActiveCfg = Release|Any CPU
		{74B80173-9D16-4E27-8A43-517EDF4B372A}.Release|Any CPU.Build.0 = Release|Any CPU
		{74B80173-9D16-4E27-8A43-517EDF4B372A}.Release|Any CPU.Deploy.0 = Release|Any CPU
		{74B80173-9D16-4E27-8A43-517EDF4B372A}.Release|ARM.ActiveCfg = Release|Any CPU
		{74B80173-9D16-4E27-8A43-517EDF4B372A}.Release|ARM.Build.0 = Release|Any CPU
		{74B80173-9D16-4E27-8A43-517EDF4B372A}.Release|ARM.Deploy.0 = Release|Any CPU
		{74B80173-9D16-4E27-8A43-517EDF4B372A}.Release|iPhone.ActiveCfg = Release|Any CPU
		{74B80173-9D16-4E27-8A43-517EDF4B372A}.Release|iPhone.Build.0 = Release|Any CPU
		{74B80173-9D16-4E27-8A43-517EDF4B372A}.Release|iPhone.Deploy.0 = Release|Any CPU
		{74B80173-9D16-4E27-8A43-517EDF4B372A}.Release|iPhoneSimulator.ActiveCfg = Release|Any CPU
		{74B80173-9D16-4E27-8A43-517EDF4B372A}.Release|iPhoneSimulator.Build.0 = Release|Any CPU
		{74B80173-9D16-4E27-8A43-517EDF4B372A}.Release|iPhoneSimulator.Deploy.0 = Release|Any CPU
		{74B80173-9D16-4E27-8A43-517EDF4B372A}.Release|x64.ActiveCfg = Release|Any CPU
		{74B80173-9D16-4E27-8A43-517EDF4B372A}.Release|x64.Build.0 = Release|Any CPU
		{74B80173-9D16-4E27-8A43-517EDF4B372A}.Release|x64.Deploy.0 = Release|Any CPU
		{74B80173-9D16-4E27-8A43-517EDF4B372A}.Release|x86.ActiveCfg = Release|Any CPU
		{74B80173-9D16-4E27-8A43-517EDF4B372A}.Release|x86.Build.0 = Release|Any CPU
		{74B80173-9D16-4E27-8A43-517EDF4B372A}.Release|x86.Deploy.0 = Release|Any CPU
		{5DC6C625-EA13-4551-AA87-452F239AC569}.Debug|Any CPU.ActiveCfg = Debug|iPhone
		{5DC6C625-EA13-4551-AA87-452F239AC569}.Debug|Any CPU.Build.0 = Debug|iPhone
		{5DC6C625-EA13-4551-AA87-452F239AC569}.Debug|Any CPU.Deploy.0 = Debug|iPhone
		{5DC6C625-EA13-4551-AA87-452F239AC569}.Debug|ARM.ActiveCfg = Debug|iPhone
		{5DC6C625-EA13-4551-AA87-452F239AC569}.Debug|ARM.Build.0 = Debug|iPhone
		{5DC6C625-EA13-4551-AA87-452F239AC569}.Debug|ARM.Deploy.0 = Debug|iPhone
		{5DC6C625-EA13-4551-AA87-452F239AC569}.Debug|iPhone.ActiveCfg = Debug|iPhone
		{5DC6C625-EA13-4551-AA87-452F239AC569}.Debug|iPhone.Build.0 = Debug|iPhone
		{5DC6C625-EA13-4551-AA87-452F239AC569}.Debug|iPhone.Deploy.0 = Debug|iPhone
		{5DC6C625-EA13-4551-AA87-452F239AC569}.Debug|iPhoneSimulator.ActiveCfg = Debug|iPhoneSimulator
		{5DC6C625-EA13-4551-AA87-452F239AC569}.Debug|iPhoneSimulator.Build.0 = Debug|iPhoneSimulator
		{5DC6C625-EA13-4551-AA87-452F239AC569}.Debug|iPhoneSimulator.Deploy.0 = Debug|iPhoneSimulator
		{5DC6C625-EA13-4551-AA87-452F239AC569}.Debug|x64.ActiveCfg = Debug|iPhone
		{5DC6C625-EA13-4551-AA87-452F239AC569}.Debug|x64.Build.0 = Debug|iPhone
		{5DC6C625-EA13-4551-AA87-452F239AC569}.Debug|x64.Deploy.0 = Debug|iPhone
		{5DC6C625-EA13-4551-AA87-452F239AC569}.Debug|x86.ActiveCfg = Debug|iPhone
		{5DC6C625-EA13-4551-AA87-452F239AC569}.Debug|x86.Build.0 = Debug|iPhone
		{5DC6C625-EA13-4551-AA87-452F239AC569}.Debug|x86.Deploy.0 = Debug|iPhone
		{5DC6C625-EA13-4551-AA87-452F239AC569}.Release|Any CPU.ActiveCfg = Release|iPhone
		{5DC6C625-EA13-4551-AA87-452F239AC569}.Release|Any CPU.Build.0 = Release|iPhone
		{5DC6C625-EA13-4551-AA87-452F239AC569}.Release|Any CPU.Deploy.0 = Release|iPhone
		{5DC6C625-EA13-4551-AA87-452F239AC569}.Release|ARM.ActiveCfg = Release|iPhone
		{5DC6C625-EA13-4551-AA87-452F239AC569}.Release|ARM.Build.0 = Release|iPhone
		{5DC6C625-EA13-4551-AA87-452F239AC569}.Release|ARM.Deploy.0 = Release|iPhone
		{5DC6C625-EA13-4551-AA87-452F239AC569}.Release|iPhone.ActiveCfg = Release|iPhone
		{5DC6C625-EA13-4551-AA87-452F239AC569}.Release|iPhone.Build.0 = Release|iPhone
		{5DC6C625-EA13-4551-AA87-452F239AC569}.Release|iPhone.Deploy.0 = Release|iPhone
		{5DC6C625-EA13-4551-AA87-452F239AC569}.Release|iPhoneSimulator.ActiveCfg = Release|iPhoneSimulator
		{5DC6C625-EA13-4551-AA87-452F239AC569}.Release|iPhoneSimulator.Build.0 = Release|iPhoneSimulator
		{5DC6C625-EA13-4551-AA87-452F239AC569}.Release|iPhoneSimulator.Deploy.0 = Release|iPhoneSimulator
		{5DC6C625-EA13-4551-AA87-452F239AC569}.Release|x64.ActiveCfg = Release|iPhone
		{5DC6C625-EA13-4551-AA87-452F239AC569}.Release|x64.Build.0 = Release|iPhone
		{5DC6C625-EA13-4551-AA87-452F239AC569}.Release|x64.Deploy.0 = Release|iPhone
		{5DC6C625-EA13-4551-AA87-452F239AC569}.Release|x86.ActiveCfg = Release|iPhone
		{5DC6C625-EA13-4551-AA87-452F239AC569}.Release|x86.Build.0 = Release|iPhone
		{5DC6C625-EA13-4551-AA87-452F239AC569}.Release|x86.Deploy.0 = Release|iPhone
		{583EFE76-6DA9-4544-95FC-45277C77C5C6}.Debug|Any CPU.ActiveCfg = Debug|Any CPU
		{583EFE76-6DA9-4544-95FC-45277C77C5C6}.Debug|Any CPU.Build.0 = Debug|Any CPU
		{583EFE76-6DA9-4544-95FC-45277C77C5C6}.Debug|Any CPU.Deploy.0 = Debug|Any CPU
		{583EFE76-6DA9-4544-95FC-45277C77C5C6}.Debug|ARM.ActiveCfg = Debug|Any CPU
		{583EFE76-6DA9-4544-95FC-45277C77C5C6}.Debug|ARM.Build.0 = Debug|Any CPU
		{583EFE76-6DA9-4544-95FC-45277C77C5C6}.Debug|ARM.Deploy.0 = Debug|Any CPU
		{583EFE76-6DA9-4544-95FC-45277C77C5C6}.Debug|iPhone.ActiveCfg = Debug|Any CPU
		{583EFE76-6DA9-4544-95FC-45277C77C5C6}.Debug|iPhone.Build.0 = Debug|Any CPU
		{583EFE76-6DA9-4544-95FC-45277C77C5C6}.Debug|iPhone.Deploy.0 = Debug|Any CPU
		{583EFE76-6DA9-4544-95FC-45277C77C5C6}.Debug|iPhoneSimulator.ActiveCfg = Debug|Any CPU
		{583EFE76-6DA9-4544-95FC-45277C77C5C6}.Debug|iPhoneSimulator.Build.0 = Debug|Any CPU
		{583EFE76-6DA9-4544-95FC-45277C77C5C6}.Debug|iPhoneSimulator.Deploy.0 = Debug|Any CPU
		{583EFE76-6DA9-4544-95FC-45277C77C5C6}.Debug|x64.ActiveCfg = Debug|Any CPU
		{583EFE76-6DA9-4544-95FC-45277C77C5C6}.Debug|x64.Build.0 = Debug|Any CPU
		{583EFE76-6DA9-4544-95FC-45277C77C5C6}.Debug|x64.Deploy.0 = Debug|Any CPU
		{583EFE76-6DA9-4544-95FC-45277C77C5C6}.Debug|x86.ActiveCfg = Debug|Any CPU
		{583EFE76-6DA9-4544-95FC-45277C77C5C6}.Debug|x86.Build.0 = Debug|Any CPU
		{583EFE76-6DA9-4544-95FC-45277C77C5C6}.Debug|x86.Deploy.0 = Debug|Any CPU
		{583EFE76-6DA9-4544-95FC-45277C77C5C6}.Release|Any CPU.ActiveCfg = Release|Any CPU
		{583EFE76-6DA9-4544-95FC-45277C77C5C6}.Release|Any CPU.Build.0 = Release|Any CPU
		{583EFE76-6DA9-4544-95FC-45277C77C5C6}.Release|Any CPU.Deploy.0 = Release|Any CPU
		{583EFE76-6DA9-4544-95FC-45277C77C5C6}.Release|ARM.ActiveCfg = Release|Any CPU
		{583EFE76-6DA9-4544-95FC-45277C77C5C6}.Release|ARM.Build.0 = Release|Any CPU
		{583EFE76-6DA9-4544-95FC-45277C77C5C6}.Release|ARM.Deploy.0 = Release|Any CPU
		{583EFE76-6DA9-4544-95FC-45277C77C5C6}.Release|iPhone.ActiveCfg = Release|Any CPU
		{583EFE76-6DA9-4544-95FC-45277C77C5C6}.Release|iPhone.Build.0 = Release|Any CPU
		{583EFE76-6DA9-4544-95FC-45277C77C5C6}.Release|iPhone.Deploy.0 = Release|Any CPU
		{583EFE76-6DA9-4544-95FC-45277C77C5C6}.Release|iPhoneSimulator.ActiveCfg = Release|Any CPU
		{583EFE76-6DA9-4544-95FC-45277C77C5C6}.Release|iPhoneSimulator.Build.0 = Release|Any CPU
		{583EFE76-6DA9-4544-95FC-45277C77C5C6}.Release|iPhoneSimulator.Deploy.0 = Release|Any CPU
		{583EFE76-6DA9-4544-95FC-45277C77C5C6}.Release|x64.ActiveCfg = Release|Any CPU
		{583EFE76-6DA9-4544-95FC-45277C77C5C6}.Release|x64.Build.0 = Release|Any CPU
		{583EFE76-6DA9-4544-95FC-45277C77C5C6}.Release|x64.Deploy.0 = Release|Any CPU
		{583EFE76-6DA9-4544-95FC-45277C77C5C6}.Release|x86.ActiveCfg = Release|Any CPU
		{583EFE76-6DA9-4544-95FC-45277C77C5C6}.Release|x86.Build.0 = Release|Any CPU
		{583EFE76-6DA9-4544-95FC-45277C77C5C6}.Release|x86.Deploy.0 = Release|Any CPU
	EndGlobalSection
	GlobalSection(SolutionProperties) = preSolution
		HideSolutionNode = FALSE
	EndGlobalSection
	GlobalSection(ExtensibilityGlobals) = postSolution
		SolutionGuid = {56F38D1A-60EF-4EC5-9683-653849FF2512}
	EndGlobalSection
EndGlobal
